{"1.2.0",
[{<<"acceptor_pool">>,{pkg,<<"acceptor_pool">>,<<"1.0.0">>},1},
 {<<"chatterbox">>,
  {git,"https://github.com/psalin/chatterbox.git",
       {ref,"ba9c97ffec688b82871640de1ec20f35bba827ed"}},
  0},
 {<<"ctx">>,{pkg,<<"ctx">>,<<"0.6.0">>},1},
 {<<"gproc">>,{pkg,<<"gproc">>,<<"0.8.0">>},1},
 {<<"grpcbox">>,{pkg,<<"grpcbox">>,<<"0.14.0">>},0},
 {<<"hpack">>,{pkg,<<"hpack_erl">>,<<"0.2.3">>},1}]}.
[
{pkg_hash,[
 {<<"acceptor_pool">>, <<"43C20D2ACAE35F0C2BCD64F9D2BDE267E459F0F3FD23DAB26485BF518C281B21">>},
 {<<"ctx">>, <<"8FF88B70E6400C4DF90142E7F130625B82086077A45364A78D208ED3ED53C7FE">>},
 {<<"gproc">>, <<"CEA02C578589C61E5341FCE149EA36CCEF236CC2ECAC8691FBA408E7EA77EC2F">>},
 {<<"grpcbox">>, <<"3EB321BCD2275BAF8B54CF381FEB7B0559A50C02544DE28FDA039C7F2F9D1A7A">>},
 {<<"hpack">>, <<"17670F83FF984AE6CD74B1C456EDDE906D27FF013740EE4D9EFAA4F1BF999633">>}]},
{pkg_hash_ext,[
 {<<"acceptor_pool">>, <<"0CBCD83FDC8B9AD2EEE2067EF8B91A14858A5883CB7CD800E6FCD5803E158788">>},
 {<<"ctx">>, <<"A14ED2D1B67723DBEBBE423B28D7615EB0BDCBA6FF28F2D1F1B0A7E1D4AA5FC2">>},
 {<<"gproc">>, <<"580ADAFA56463B75263EF5A5DF4C86AF321F68694E7786CB057FD805D1E2A7DE">>},
 {<<"grpcbox">>, <<"E24159B7B6D3F9869BBE528845C0125FED2259366BA908FD04A1F45FE81D0660">>},
 {<<"hpack">>, <<"06F580167C4B8B8A6429040DF36CC93BBA6D571FAEAEC1B28816523379CBB23A">>}]}
].
