{"1.2.0",
[{<<"acceptor_pool">>,{pkg,<<"acceptor_pool">>,<<"1.0.0">>},1},
 {<<"chatterbox">>,
  {git,"https://github.com/tsloughter/chatterbox.git",
       {ref,"73d5bf2355bfb520440cfb4458030ecec09f36e6"}},
  0},
 {<<"ctx">>,{pkg,<<"ctx">>,<<"0.6.0">>},1},
 {<<"gproc">>,{pkg,<<"gproc">>,<<"0.9.1">>},1},
 {<<"grpcbox">>,
  {git,"https://github.com/tsloughter/grpcbox.git",
       {ref,"da0ab5864bc403cc66765a8751d811f379cf1e92"}},
  0},
 {<<"hpack">>,{pkg,<<"hpack_erl">>,<<"0.3.0">>},1}]}.
[
{pkg_hash,[
 {<<"acceptor_pool">>, <<"43C20D2ACAE35F0C2BCD64F9D2BDE267E459F0F3FD23DAB26485BF518C281B21">>},
 {<<"ctx">>, <<"8FF88B70E6400C4DF90142E7F130625B82086077A45364A78D208ED3ED53C7FE">>},
 {<<"gproc">>, <<"F1DF0364423539CF0B80E8201C8B1839E229E5F9B3CCB944C5834626998F5B8C">>},
 {<<"hpack">>, <<"2461899CC4AB6A0EF8E970C1661C5FC6A52D3C25580BC6DD204F84CE94669926">>}]},
{pkg_hash_ext,[
 {<<"acceptor_pool">>, <<"0CBCD83FDC8B9AD2EEE2067EF8B91A14858A5883CB7CD800E6FCD5803E158788">>},
 {<<"ctx">>, <<"A14ED2D1B67723DBEBBE423B28D7615EB0BDCBA6FF28F2D1F1B0A7E1D4AA5FC2">>},
 {<<"gproc">>, <<"905088E32E72127ED9466F0BAC0D8E65704CA5E73EE5A62CB073C3117916D507">>},
 {<<"hpack">>, <<"D6137D7079169D8C485C6962DFE261AF5B9EF60FBC557344511C1E65E3D95FB0">>}]}
].
