%{
  cowboy:
    {:hex, :cowboy, "2.9.0", "865dd8b6607e14cf03282e10e934023a1bd8be6f6bacf921a7e2a96d800cd452",
     [:make, :rebar3],
     [
       {:cowlib, "2.11.0", [hex: :cowlib, repo: "hexpm", optional: false]},
       {:ranch, "1.8.0", [hex: :ranch, repo: "hexpm", optional: false]}
     ], "hexpm", "2c729f934b4e1aa149aff882f57c6372c15399a20d54f65c8d67bef583021bde"},
  cowlib:
    {:hex, :cowlib, "2.11.0", "0b9ff9c346629256c42ebe1eeb769a83c6cb771a6ee5960bd110ab0b9b872063",
     [:make, :rebar3], [], "hexpm",
     "2b3e9da0b21c4565751a6d4901c20d1b4cc25cbb7fd50d91d2ab6dd287bc86a9"},
  dialyxir:
    {:hex, :dialyxir, "0.5.1", "b331b091720fd93e878137add264bac4f644e1ddae07a70bf7062c7862c4b952",
     [:mix], [], "hexpm", "6c32a70ed5d452c6650916555b1f96c79af5fc4bf286997f8b15f213de786f73"},
  grpc:
    {:hex, :grpc, "0.5.0", "a44cb306625a52fa31a2189ce91b40d24e82569568f0cc214c1e1e0faf54f58a",
     [:mix],
     [
       {:cowboy, "~> 2.9", [hex: :cowboy, repo: "hexpm", optional: false]},
       {:cowlib, "~> 2.11", [hex: :cowlib, repo: "hexpm", optional: false]},
       {:gun, "~> 2.0.1", [hex: :grpc_gun, repo: "hexpm", optional: false]}
     ], "hexpm", "17b98593fdb1a65be7b2722821266627b3f2fba29bbbd7d0945389427c0d0d5f"},
  gun:
    {:hex, :grpc_gun, "2.0.1", "221b792df3a93e8fead96f697cbaf920120deacced85c6cd3329d2e67f0871f8",
     [:rebar3], [{:cowlib, "~> 2.11", [hex: :cowlib, repo: "hexpm", optional: false]}], "hexpm",
     "795a65eb9d0ba16697e6b0e1886009ce024799e43bb42753f0c59b029f592831"},
  protobuf:
    {:hex, :protobuf, "0.10.0",
     "4e8e3cf64c5be203b329f88bb8b916cb8d00fb3a12b2ac1f545463ae963c869f", [:mix],
     [{:jason, "~> 1.2", [hex: :jason, repo: "hexpm", optional: true]}], "hexpm",
     "4ae21a386142357aa3d31ccf5f7d290f03f3fa6f209755f6e87fc2c58c147893"},
  ranch:
    {:hex, :ranch, "1.8.0", "8c7a100a139fd57f17327b6413e4167ac559fbc04ca7448e9be9057311597a1d",
     [:make, :rebar3], [], "hexpm",
     "49fbcfd3682fab1f5d109351b61257676da1a2fdbe295904176d5e521a2ddfe5"}
}
