github.com/bufbuild/connect-go v1.0.0 h1:htSflKUT8y1jxhoPhPYTZMrsY3ipUXjjrbcZR5O2cVo=
github.com/bufbuild/connect-go v1.0.0/go.mod h1:9iNvh/NOsfhNBUH5CtvXeVUskQO1xsrEviH7ZArwZ3I=
github.com/bufbuild/connect-go v1.10.0 h1:QAJ3G9A1OYQW2Jbk3DeoJbkCxuKArrvZgDt47mjdTbg=
github.com/bufbuild/connect-go v1.10.0/go.mod h1:CAIePUgkDR5pAFaylSMtNK45ANQjp9JvpluG20rhpV8=
github.com/davecgh/go-spew v1.1.1 h1:vj9j/u1bqnvCEfJOwUhtlOARqs3+rkHYY13jYWTU97c=
github.com/google/go-cmp v0.5.9 h1:O2Tfq5qg4qc4AmwVlvv0oLiVAGB7enBSJ2x2DqQFi38=
github.com/pmezard/go-difflib v1.0.0 h1:4DBwDE0NGyQoBHbLQYPwSUPoCMWR5BEzIk/f1lZbAQM=
github.com/prashantv/gostub v1.1.0 h1:BTyx3RfQjRHnUWaGF9oQos79AlQ5k8WNktv7VGvVH4g=
github.com/stretchr/testify v1.7.1 h1:5TQK59W5E3v0r2duFAb7P95B6hEeOyEnHRa8MjYSMTY=
go.uber.org/automaxprocs v1.5.1 h1:e1YG66Lrk73dn4qhg8WFSvhF0JuFQF0ERIp4rpuV8Qk=
go.uber.org/automaxprocs v1.5.1/go.mod h1:BF4eumQw0P9GtnuxxovUd06vwm1o18oMzFtK66vU6XU=
go.uber.org/automaxprocs v1.5.3 h1:kWazyxZUrS3Gs4qUpbwo5kEIMGe/DAvi5Z4tl2NW4j8=
go.uber.org/automaxprocs v1.5.3/go.mod h1:eRbA25aqJrxAbsLO0xy5jVwPt7FQnRgjW+efnwa1WM0=
golang.org/x/net v0.17.0 h1:pVaXccu2ozPjCXewfr1S7xza/zcXTity9cCdXQYSjIM=
golang.org/x/net v0.17.0/go.mod h1:NxSsAGuq816PNPmqtQdLE42eU2Fs7NoRIZrHJAlaCOE=
golang.org/x/net v0.24.0 h1:1PcaxkF854Fu3+lvBIx5SYn9wRlBzzcnHZSiaFFAb0w=
golang.org/x/net v0.24.0/go.mod h1:2Q7sJY5mzlzWjKtYUEXSlBWCdyaioyXzRB2RtU8KVE8=
golang.org/x/text v0.13.0 h1:ablQoSUd0tRdKxZewP80B+BaqeKJuVhuRxj/dkrun3k=
golang.org/x/text v0.13.0/go.mod h1:TvPlkZtksWOMsz7fbANvkp4WM8x/WCo/om8BMLbz+aE=
golang.org/x/text v0.14.0/go.mod h1:18ZOQIKpY8NJVqYksKHtTdi31H5itFRjB5/qKTNYzSU=
google.golang.org/protobuf v1.33.0 h1:uNO2rsAINq/JlFpSdYEKIZ0uKD/R9cpdv0T+yoGwGmI=
google.golang.org/protobuf v1.33.0/go.mod h1:c6P6GXX6sHbq/GpV6MGZEdwhWPcYBgnhAHhKbcUYpos=
gopkg.in/yaml.v3 v3.0.0-20210107192922-496545a6307b h1:h8qDotaEPuJATrMmW04NCwg7v22aHH28wwpauUhK9Oo=
