Microsoft Visual Studio Solution File, Format Version 12.00
# Visual Studio Version 16
VisualStudioVersion = 16.0.30323.103
MinimumVisualStudioVersion = 10.0.40219.1
Project("{9A19103F-16F7-4668-BE54-9A1E7A4F7556}") = "GreeterServer", "GreeterServer\GreeterServer.csproj", "{DDBFF994-E076-43AD-B18D-049DFC1B670C}"
EndProject
Global
	GlobalSection(SolutionConfigurationPlatforms) = preSolution
		Debug|Any CPU = Debug|Any CPU
		Release|Any CPU = Release|Any CPU
	EndGlobalSection
	GlobalSection(ProjectConfigurationPlatforms) = postSolution
		{DDBFF994-E076-43AD-B18D-049DFC1B670C}.Debug|Any CPU.ActiveCfg = Debug|Any CPU
		{DDBFF994-E076-43AD-B18D-049DFC1B670C}.Debug|Any CPU.Build.0 = Debug|Any CPU
		{DDBFF994-E076-43AD-B18D-049DFC1B670C}.Release|Any CPU.ActiveCfg = Release|Any CPU
		{DDBFF994-E076-43AD-B18D-049DFC1B670C}.Release|Any CPU.Build.0 = Release|Any CPU
	EndGlobalSection
	GlobalSection(SolutionProperties) = preSolution
		HideSolutionNode = FALSE
	EndGlobalSection
	GlobalSection(ExtensibilityGlobals) = postSolution
		SolutionGuid = {A6C36D19-FC35-4A83-A1BD-F8429CEF3E86}
	EndGlobalSection
EndGlobal
